
Microsoft Visual Studio Solution File, Format Version 12.00
# Visual Studio Version 17
VisualStudioVersion = 17.5.33627.172
MinimumVisualStudioVersion = 10.0.40219.1
Project("{9A19103F-16F7-4668-BE54-9A1E7A4F7556}") = "CRUD_APP", "CRUD_APP.csproj", "{EED7F854-6F58-4C09-A971-2A3CAB9D034C}"
EndProject
Project("{2150E333-8FDC-42A3-9474-1A3956D46DE8}") = "Solution Items", "Solution Items", "{4711E376-46C0-48CD-A7F8-829CA4964AE1}"
	ProjectSection(SolutionItems) = preProject
		.editorconfig = .editorconfig
	EndProjectSection
EndProject
Global
	GlobalSection(SolutionConfigurationPlatforms) = preSolution
		Debug|Any CPU = Debug|Any CPU
		Release|Any CPU = Release|Any CPU
	EndGlobalSection
	GlobalSection(ProjectConfigurationPlatforms) = postSolution
		{EED7F854-6F58-4C09-A971-2A3CAB9D034C}.Debug|Any CPU.ActiveCfg = Debug|Any CPU
		{EED7F854-6F58-4C09-A971-2A3CAB9D034C}.Debug|Any CPU.Build.0 = Debug|Any CPU
		{EED7F854-6F58-4C09-A971-2A3CAB9D034C}.Release|Any CPU.ActiveCfg = Release|Any CPU
		{EED7F854-6F58-4C09-A971-2A3CAB9D034C}.Release|Any CPU.Build.0 = Release|Any CPU
	EndGlobalSection
	GlobalSection(SolutionProperties) = preSolution
		HideSolutionNode = FALSE
	EndGlobalSection
	GlobalSection(ExtensibilityGlobals) = postSolution
		SolutionGuid = {01C413B3-9CF2-4AA4-B1E2-D3D9925A20CF}
	EndGlobalSection
EndGlobal
